// !$*UTF8*$!
{
	archiveVersion = 1;
	classes = {
	};
	objectVersion = 46;
	objects = {

/* Begin PBXBuildFile section */
		6837F74D1A88B62B00C9F691 /* AppDelegate.swift in Sources */ = {isa = PBXBuildFile; fileRef = 6837F74C1A88B62B00C9F691 /* AppDelegate.swift */; };
		6837F74F1A88B62B00C9F691 /* ViewController.swift in Sources */ = {isa = PBXBuildFile; fileRef = 6837F74E1A88B62B00C9F691 /* ViewController.swift */; };
		6837F7521A88B62C00C9F691 /* Main.storyboard in Resources */ = {isa = PBXBuildFile; fileRef = 6837F7501A88B62C00C9F691 /* Main.storyboard */; };
		6837F7541A88B62C00C9F691 /* Images.xcassets in Resources */ = {isa = PBXBuildFile; fileRef = 6837F7531A88B62C00C9F691 /* Images.xcassets */; };
		6837F7571A88B62C00C9F691 /* LaunchScreen.xib in Resources */ = {isa = PBXBuildFile; fileRef = 6837F7551A88B62C00C9F691 /* LaunchScreen.xib */; };
		6837F7631A88B62C00C9F691 /* gtbTests.swift in Sources */ = {isa = PBXBuildFile; fileRef = 6837F7621A88B62C00C9F691 /* gtbTests.swift */; };
		6899D8B31A89EF7B00BE2E55 /* Alamofire.framework in Copy Frameworks */ = {isa = PBXBuildFile; fileRef = 6899D8AD1A89EF0400BE2E55 /* Alamofire.framework */; settings = {ATTRIBUTES = (CodeSignOnCopy, RemoveHeadersOnCopy, ); }; };
		6899D8B71A8A081000BE2E55 /* SecondViewController.swift in Sources */ = {isa = PBXBuildFile; fileRef = 6899D8B61A8A081000BE2E55 /* SecondViewController.swift */; };
		6899D8BB1A8A0FDC00BE2E55 /* ThirdViewController.swift in Sources */ = {isa = PBXBuildFile; fileRef = 6899D8BA1A8A0FDC00BE2E55 /* ThirdViewController.swift */; };
		6899D8BE1A8A126A00BE2E55 /* background.jpg in Resources */ = {isa = PBXBuildFile; fileRef = 6899D8BD1A8A126A00BE2E55 /* background.jpg */; };
		6899D8C01A8A18EA00BE2E55 /* SignupView.swift in Sources */ = {isa = PBXBuildFile; fileRef = 6899D8BF1A8A18EA00BE2E55 /* SignupView.swift */; };
/* End PBXBuildFile section */

/* Begin PBXContainerItemProxy section */
		6837F75D1A88B62C00C9F691 /* PBXContainerItemProxy */ = {
			isa = PBXContainerItemProxy;
			containerPortal = 6837F73F1A88B62B00C9F691 /* Project object */;
			proxyType = 1;
			remoteGlobalIDString = 6837F7461A88B62B00C9F691;
			remoteInfo = gtb;
		};
		6899D8AC1A89EF0400BE2E55 /* PBXContainerItemProxy */ = {
			isa = PBXContainerItemProxy;
			containerPortal = 6899D8A71A89EF0400BE2E55 /* Alamofire.xcodeproj */;
			proxyType = 2;
			remoteGlobalIDString = 27AB60071A7FAFBF0069F786;
			remoteInfo = Alamofire;
		};
		6899D8AE1A89EF0400BE2E55 /* PBXContainerItemProxy */ = {
			isa = PBXContainerItemProxy;
			containerPortal = 6899D8A71A89EF0400BE2E55 /* Alamofire.xcodeproj */;
			proxyType = 2;
			remoteGlobalIDString = 27AB60121A7FAFBF0069F786;
			remoteInfo = AlamofireTests;
		};
		6899D8B01A89EF3A00BE2E55 /* PBXContainerItemProxy */ = {
			isa = PBXContainerItemProxy;
			containerPortal = 6899D8A71A89EF0400BE2E55 /* Alamofire.xcodeproj */;
			proxyType = 1;
			remoteGlobalIDString = 27AB60061A7FAFBF0069F786;
			remoteInfo = Alamofire;
		};
/* End PBXContainerItemProxy section */

/* Begin PBXCopyFilesBuildPhase section */
		6899D8B21A89EF3F00BE2E55 /* Copy Frameworks */ = {
			isa = PBXCopyFilesBuildPhase;
			buildActionMask = 2147483647;
			dstPath = "";
			dstSubfolderSpec = 10;
			files = (
				6899D8B31A89EF7B00BE2E55 /* Alamofire.framework in Copy Frameworks */,
			);
			name = "Copy Frameworks";
			runOnlyForDeploymentPostprocessing = 0;
		};
/* End PBXCopyFilesBuildPhase section */

/* Begin PBXFileReference section */
		6837F7471A88B62B00C9F691 /* gtb.app */ = {isa = PBXFileReference; explicitFileType = wrapper.application; includeInIndex = 0; path = gtb.app; sourceTree = BUILT_PRODUCTS_DIR; };
		6837F74B1A88B62B00C9F691 /* Info.plist */ = {isa = PBXFileReference; lastKnownFileType = text.plist.xml; path = Info.plist; sourceTree = "<group>"; };
		6837F74C1A88B62B00C9F691 /* AppDelegate.swift */ = {isa = PBXFileReference; lastKnownFileType = sourcecode.swift; path = AppDelegate.swift; sourceTree = "<group>"; };
		6837F74E1A88B62B00C9F691 /* ViewController.swift */ = {isa = PBXFileReference; lastKnownFileType = sourcecode.swift; path = ViewController.swift; sourceTree = "<group>"; };
		6837F7511A88B62C00C9F691 /* Base */ = {isa = PBXFileReference; lastKnownFileType = file.storyboard; name = Base; path = Base.lproj/Main.storyboard; sourceTree = "<group>"; };
		6837F7531A88B62C00C9F691 /* Images.xcassets */ = {isa = PBXFileReference; lastKnownFileType = folder.assetcatalog; path = Images.xcassets; sourceTree = "<group>"; };
		6837F7561A88B62C00C9F691 /* Base */ = {isa = PBXFileReference; lastKnownFileType = file.xib; name = Base; path = Base.lproj/LaunchScreen.xib; sourceTree = "<group>"; };
		6837F75C1A88B62C00C9F691 /* gtbTests.xctest */ = {isa = PBXFileReference; explicitFileType = wrapper.cfbundle; includeInIndex = 0; path = gtbTests.xctest; sourceTree = BUILT_PRODUCTS_DIR; };
		6837F7611A88B62C00C9F691 /* Info.plist */ = {isa = PBXFileReference; lastKnownFileType = text.plist.xml; path = Info.plist; sourceTree = "<group>"; };
		6837F7621A88B62C00C9F691 /* gtbTests.swift */ = {isa = PBXFileReference; lastKnownFileType = sourcecode.swift; path = gtbTests.swift; sourceTree = "<group>"; };
		6899D8A71A89EF0400BE2E55 /* Alamofire.xcodeproj */ = {isa = PBXFileReference; lastKnownFileType = "wrapper.pb-project"; name = Alamofire.xcodeproj; path = Alamofire/Alamofire.xcodeproj; sourceTree = SOURCE_ROOT; };
		6899D8B61A8A081000BE2E55 /* SecondViewController.swift */ = {isa = PBXFileReference; fileEncoding = 4; lastKnownFileType = sourcecode.swift; path = SecondViewController.swift; sourceTree = "<group>"; };
		6899D8BA1A8A0FDC00BE2E55 /* ThirdViewController.swift */ = {isa = PBXFileReference; fileEncoding = 4; lastKnownFileType = sourcecode.swift; path = ThirdViewController.swift; sourceTree = "<group>"; };
		6899D8BD1A8A126A00BE2E55 /* background.jpg */ = {isa = PBXFileReference; lastKnownFileType = image.jpeg; name = background.jpg; path = ../../../Downloads/background.jpg; sourceTree = "<group>"; };
		6899D8BF1A8A18EA00BE2E55 /* SignupView.swift */ = {isa = PBXFileReference; fileEncoding = 4; lastKnownFileType = sourcecode.swift; path = SignupView.swift; sourceTree = "<group>"; };
/* End PBXFileReference section */

/* Begin PBXFrameworksBuildPhase section */
		6837F7441A88B62B00C9F691 /* Frameworks */ = {
			isa = PBXFrameworksBuildPhase;
			buildActionMask = 2147483647;
			files = (
			);
			runOnlyForDeploymentPostprocessing = 0;
		};
		6837F7591A88B62C00C9F691 /* Frameworks */ = {
			isa = PBXFrameworksBuildPhase;
			buildActionMask = 2147483647;
			files = (
			);
			runOnlyForDeploymentPostprocessing = 0;
		};
/* End PBXFrameworksBuildPhase section */

/* Begin PBXGroup section */
		6837F73E1A88B62B00C9F691 = {
			isa = PBXGroup;
			children = (
				6837F7491A88B62B00C9F691 /* gtb */,
				6837F75F1A88B62C00C9F691 /* gtbTests */,
				6837F7481A88B62B00C9F691 /* Products */,
			);
			sourceTree = "<group>";
		};
		6837F7481A88B62B00C9F691 /* Products */ = {
			isa = PBXGroup;
			children = (
				6837F7471A88B62B00C9F691 /* gtb.app */,
				6837F75C1A88B62C00C9F691 /* gtbTests.xctest */,
			);
			name = Products;
			sourceTree = "<group>";
		};
		6837F7491A88B62B00C9F691 /* gtb */ = {
			isa = PBXGroup;
			children = (
				6899D8A71A89EF0400BE2E55 /* Alamofire.xcodeproj */,
				6837F74C1A88B62B00C9F691 /* AppDelegate.swift */,
				6837F74E1A88B62B00C9F691 /* ViewController.swift */,
				6837F7501A88B62C00C9F691 /* Main.storyboard */,
				6837F7531A88B62C00C9F691 /* Images.xcassets */,
				6837F7551A88B62C00C9F691 /* LaunchScreen.xib */,
				6837F74A1A88B62B00C9F691 /* Supporting Files */,
				6899D8B61A8A081000BE2E55 /* SecondViewController.swift */,
				6899D8BA1A8A0FDC00BE2E55 /* ThirdViewController.swift */,
				6899D8BF1A8A18EA00BE2E55 /* SignupView.swift */,
			);
			path = gtb;
			sourceTree = "<group>";
		};
		6837F74A1A88B62B00C9F691 /* Supporting Files */ = {
			isa = PBXGroup;
			children = (
				6899D8BD1A8A126A00BE2E55 /* background.jpg */,
				6837F74B1A88B62B00C9F691 /* Info.plist */,
			);
			name = "Supporting Files";
			sourceTree = "<group>";
		};
		6837F75F1A88B62C00C9F691 /* gtbTests */ = {
			isa = PBXGroup;
			children = (
				6837F7621A88B62C00C9F691 /* gtbTests.swift */,
				6837F7601A88B62C00C9F691 /* Supporting Files */,
			);
			path = gtbTests;
			sourceTree = "<group>";
		};
		6837F7601A88B62C00C9F691 /* Supporting Files */ = {
			isa = PBXGroup;
			children = (
				6837F7611A88B62C00C9F691 /* Info.plist */,
			);
			name = "Supporting Files";
			sourceTree = "<group>";
		};
		6899D8A81A89EF0400BE2E55 /* Products */ = {
			isa = PBXGroup;
			children = (
				6899D8AD1A89EF0400BE2E55 /* Alamofire.framework */,
				6899D8AF1A89EF0400BE2E55 /* AlamofireTests.xctest */,
			);
			name = Products;
			sourceTree = "<group>";
		};
/* End PBXGroup section */

/* Begin PBXNativeTarget section */
		6837F7461A88B62B00C9F691 /* gtb */ = {
			isa = PBXNativeTarget;
			buildConfigurationList = 6837F7661A88B62C00C9F691 /* Build configuration list for PBXNativeTarget "gtb" */;
			buildPhases = (
				6837F7431A88B62B00C9F691 /* Sources */,
				6837F7441A88B62B00C9F691 /* Frameworks */,
				6837F7451A88B62B00C9F691 /* Resources */,
				6899D8B21A89EF3F00BE2E55 /* Copy Frameworks */,
			);
			buildRules = (
			);
			dependencies = (
				6899D8B11A89EF3A00BE2E55 /* PBXTargetDependency */,
			);
			name = gtb;
			productName = gtb;
			productReference = 6837F7471A88B62B00C9F691 /* gtb.app */;
			productType = "com.apple.product-type.application";
		};
		6837F75B1A88B62C00C9F691 /* gtbTests */ = {
			isa = PBXNativeTarget;
			buildConfigurationList = 6837F7691A88B62C00C9F691 /* Build configuration list for PBXNativeTarget "gtbTests" */;
			buildPhases = (
				6837F7581A88B62C00C9F691 /* Sources */,
				6837F7591A88B62C00C9F691 /* Frameworks */,
				6837F75A1A88B62C00C9F691 /* Resources */,
			);
			buildRules = (
			);
			dependencies = (
				6837F75E1A88B62C00C9F691 /* PBXTargetDependency */,
			);
			name = gtbTests;
			productName = gtbTests;
			productReference = 6837F75C1A88B62C00C9F691 /* gtbTests.xctest */;
			productType = "com.apple.product-type.bundle.unit-test";
		};
/* End PBXNativeTarget section */

/* Begin PBXProject section */
		6837F73F1A88B62B00C9F691 /* Project object */ = {
			isa = PBXProject;
			attributes = {
				LastUpgradeCheck = 0610;
				ORGANIZATIONNAME = "Mizuho Ueda";
				TargetAttributes = {
					6837F7461A88B62B00C9F691 = {
						CreatedOnToolsVersion = 6.1.1;
					};
					6837F75B1A88B62C00C9F691 = {
						CreatedOnToolsVersion = 6.1.1;
						TestTargetID = 6837F7461A88B62B00C9F691;
					};
				};
			};
			buildConfigurationList = 6837F7421A88B62B00C9F691 /* Build configuration list for PBXProject "gtb" */;
			compatibilityVersion = "Xcode 3.2";
			developmentRegion = English;
			hasScannedForEncodings = 0;
			knownRegions = (
				en,
				Base,
			);
			mainGroup = 6837F73E1A88B62B00C9F691;
			productRefGroup = 6837F7481A88B62B00C9F691 /* Products */;
			projectDirPath = "";
			projectReferences = (
				{
					ProductGroup = 6899D8A81A89EF0400BE2E55 /* Products */;
					ProjectRef = 6899D8A71A89EF0400BE2E55 /* Alamofire.xcodeproj */;
				},
			);
			projectRoot = "";
			targets = (
				6837F7461A88B62B00C9F691 /* gtb */,
				6837F75B1A88B62C00C9F691 /* gtbTests */,
			);
		};
/* End PBXProject section */

/* Begin PBXReferenceProxy section */
		6899D8AD1A89EF0400BE2E55 /* Alamofire.framework */ = {
			isa = PBXReferenceProxy;
			fileType = wrapper.framework;
			path = Alamofire.framework;
			remoteRef = 6899D8AC1A89EF0400BE2E55 /* PBXContainerItemProxy */;
			sourceTree = BUILT_PRODUCTS_DIR;
		};
		6899D8AF1A89EF0400BE2E55 /* AlamofireTests.xctest */ = {
			isa = PBXReferenceProxy;
			fileType = wrapper.cfbundle;
			path = AlamofireTests.xctest;
			remoteRef = 6899D8AE1A89EF0400BE2E55 /* PBXContainerItemProxy */;
			sourceTree = BUILT_PRODUCTS_DIR;
		};
/* End PBXReferenceProxy section */

/* Begin PBXResourcesBuildPhase section */
		6837F7451A88B62B00C9F691 /* Resources */ = {
			isa = PBXResourcesBuildPhase;
			buildActionMask = 2147483647;
			files = (
				6837F7521A88B62C00C9F691 /* Main.storyboard in Resources */,
				6899D8BE1A8A126A00BE2E55 /* background.jpg in Resources */,
				6837F7571A88B62C00C9F691 /* LaunchScreen.xib in Resources */,
				6837F7541A88B62C00C9F691 /* Images.xcassets in Resources */,
			);
			runOnlyForDeploymentPostprocessing = 0;
		};
		6837F75A1A88B62C00C9F691 /* Resources */ = {
			isa = PBXResourcesBuildPhase;
			buildActionMask = 2147483647;
			files = (
			);
			runOnlyForDeploymentPostprocessing = 0;
		};
/* End PBXResourcesBuildPhase section */

/* Begin PBXSourcesBuildPhase section */
		6837F7431A88B62B00C9F691 /* Sources */ = {
			isa = PBXSourcesBuildPhase;
			buildActionMask = 2147483647;
			files = (
				6899D8B71A8A081000BE2E55 /* SecondViewController.swift in Sources */,
				6837F74F1A88B62B00C9F691 /* ViewController.swift in Sources */,
				6899D8BB1A8A0FDC00BE2E55 /* ThirdViewController.swift in Sources */,
				6837F74D1A88B62B00C9F691 /* AppDelegate.swift in Sources */,
				6899D8C01A8A18EA00BE2E55 /* SignupView.swift in Sources */,
			);
			runOnlyForDeploymentPostprocessing = 0;
		};
		6837F7581A88B62C00C9F691 /* Sources */ = {
			isa = PBXSourcesBuildPhase;
			buildActionMask = 2147483647;
			files = (
				6837F7631A88B62C00C9F691 /* gtbTests.swift in Sources */,
			);
			runOnlyForDeploymentPostprocessing = 0;
		};
/* End PBXSourcesBuildPhase section */

/* Begin PBXTargetDependency section */
		6837F75E1A88B62C00C9F691 /* PBXTargetDependency */ = {
			isa = PBXTargetDependency;
			target = 6837F7461A88B62B00C9F691 /* gtb */;
			targetProxy = 6837F75D1A88B62C00C9F691 /* PBXContainerItemProxy */;
		};
		6899D8B11A89EF3A00BE2E55 /* PBXTargetDependency */ = {
			isa = PBXTargetDependency;
			name = Alamofire;
			targetProxy = 6899D8B01A89EF3A00BE2E55 /* PBXContainerItemProxy */;
		};
/* End PBXTargetDependency section */

/* Begin PBXVariantGroup section */
		6837F7501A88B62C00C9F691 /* Main.storyboard */ = {
			isa = PBXVariantGroup;
			children = (
				6837F7511A88B62C00C9F691 /* Base */,
			);
			name = Main.storyboard;
			sourceTree = "<group>";
		};
		6837F7551A88B62C00C9F691 /* LaunchScreen.xib */ = {
			isa = PBXVariantGroup;
			children = (
				6837F7561A88B62C00C9F691 /* Base */,
			);
			name = LaunchScreen.xib;
			sourceTree = "<group>";
		};
/* End PBXVariantGroup section */

/* Begin XCBuildConfiguration section */
		6837F7641A88B62C00C9F691 /* Debug */ = {
			isa = XCBuildConfiguration;
			buildSettings = {
				ALWAYS_SEARCH_USER_PATHS = NO;
				CLANG_CXX_LANGUAGE_STANDARD = "gnu++0x";
				CLANG_CXX_LIBRARY = "libc++";
				CLANG_ENABLE_MODULES = YES;
				CLANG_ENABLE_OBJC_ARC = YES;
				CLANG_WARN_BOOL_CONVERSION = YES;
				CLANG_WARN_CONSTANT_CONVERSION = YES;
				CLANG_WARN_DIRECT_OBJC_ISA_USAGE = YES_ERROR;
				CLANG_WARN_EMPTY_BODY = YES;
				CLANG_WARN_ENUM_CONVERSION = YES;
				CLANG_WARN_INT_CONVERSION = YES;
				CLANG_WARN_OBJC_ROOT_CLASS = YES_ERROR;
				CLANG_WARN_UNREACHABLE_CODE = YES;
				CLANG_WARN__DUPLICATE_METHOD_MATCH = YES;
				"CODE_SIGN_IDENTITY[sdk=iphoneos*]" = "iPhone Developer";
				COPY_PHASE_STRIP = NO;
				ENABLE_STRICT_OBJC_MSGSEND = YES;
				GCC_C_LANGUAGE_STANDARD = gnu99;
				GCC_DYNAMIC_NO_PIC = NO;
				GCC_OPTIMIZATION_LEVEL = 0;
				GCC_PREPROCESSOR_DEFINITIONS = (
					"DEBUG=1",
					"$(inherited)",
				);
				GCC_SYMBOLS_PRIVATE_EXTERN = NO;
				GCC_WARN_64_TO_32_BIT_CONVERSION = YES;
				GCC_WARN_ABOUT_RETURN_TYPE = YES_ERROR;
				GCC_WARN_UNDECLARED_SELECTOR = YES;
				GCC_WARN_UNINITIALIZED_AUTOS = YES_AGGRESSIVE;
				GCC_WARN_UNUSED_FUNCTION = YES;
				GCC_WARN_UNUSED_VARIABLE = YES;
				IPHONEOS_DEPLOYMENT_TARGET = 8.1;
				MTL_ENABLE_DEBUG_INFO = YES;
				ONLY_ACTIVE_ARCH = YES;
				SDKROOT = iphoneos;
				SWIFT_OPTIMIZATION_LEVEL = "-Onone";
				TARGETED_DEVICE_FAMILY = "1,2";
			};
			name = Debug;
		};
		6837F7651A88B62C00C9F691 /* Release */ = {
			isa = XCBuildConfiguration;
			buildSettings = {
				ALWAYS_SEARCH_USER_PATHS = NO;
				CLANG_CXX_LANGUAGE_STANDARD = "gnu++0x";
				CLANG_CXX_LIBRARY = "libc++";
				CLANG_ENABLE_MODULES = YES;
				CLANG_ENABLE_OBJC_ARC = YES;
				CLANG_WARN_BOOL_CONVERSION = YES;
				CLANG_WARN_CONSTANT_CONVERSION = YES;
				CLANG_WARN_DIRECT_OBJC_ISA_USAGE = YES_ERROR;
				CLANG_WARN_EMPTY_BODY = YES;
				CLANG_WARN_ENUM_CONVERSION = YES;
				CLANG_WARN_INT_CONVERSION = YES;
				CLANG_WARN_OBJC_ROOT_CLASS = YES_ERROR;
				CLANG_WARN_UNREACHABLE_CODE = YES;
				CLANG_WARN__DUPLICATE_METHOD_MATCH = YES;
				"CODE_SIGN_IDENTITY[sdk=iphoneos*]" = "iPhone Developer";
				COPY_PHASE_STRIP = YES;
				ENABLE_NS_ASSERTIONS = NO;
				ENABLE_STRICT_OBJC_MSGSEND = YES;
				GCC_C_LANGUAGE_STANDARD = gnu99;
				GCC_WARN_64_TO_32_BIT_CONVERSION = YES;
				GCC_WARN_ABOUT_RETURN_TYPE = YES_ERROR;
				GCC_WARN_UNDECLARED_SELECTOR = YES;
				GCC_WARN_UNINITIALIZED_AUTOS = YES_AGGRESSIVE;
				GCC_WARN_UNUSED_FUNCTION = YES;
				GCC_WARN_UNUSED_VARIABLE = YES;
				IPHONEOS_DEPLOYMENT_TARGET = 8.1;
				MTL_ENABLE_DEBUG_INFO = NO;
				SDKROOT = iphoneos;
				TARGETED_DEVICE_FAMILY = "1,2";
				VALIDATE_PRODUCT = YES;
			};
			name = Release;
		};
		6837F7671A88B62C00C9F691 /* Debug */ = {
			isa = XCBuildConfiguration;
			buildSettings = {
				ASSETCATALOG_COMPILER_APPICON_NAME = AppIcon;
				INFOPLIST_FILE = gtb/Info.plist;
				LD_RUNPATH_SEARCH_PATHS = "$(inherited) @executable_path/Frameworks";
				PRODUCT_NAME = "$(TARGET_NAME)";
			};
			name = Debug;
		};
		6837F7681A88B62C00C9F691 /* Release */ = {
			isa = XCBuildConfiguration;
			buildSettings = {
				ASSETCATALOG_COMPILER_APPICON_NAME = AppIcon;
				INFOPLIST_FILE = gtb/Info.plist;
				LD_RUNPATH_SEARCH_PATHS = "$(inherited) @executable_path/Frameworks";
				PRODUCT_NAME = "$(TARGET_NAME)";
			};
			name = Release;
		};
		6837F76A1A88B62C00C9F691 /* Debug */ = {
			isa = XCBuildConfiguration;
			buildSettings = {
				BUNDLE_LOADER = "$(TEST_HOST)";
				FRAMEWORK_SEARCH_PATHS = (
					"$(SDKROOT)/Developer/Library/Frameworks",
					"$(inherited)",
				);
				GCC_PREPROCESSOR_DEFINITIONS = (
					"DEBUG=1",
					"$(inherited)",
				);
				INFOPLIST_FILE = gtbTests/Info.plist;
				LD_RUNPATH_SEARCH_PATHS = "$(inherited) @executable_path/Frameworks @loader_path/Frameworks";
				PRODUCT_NAME = "$(TARGET_NAME)";
				TEST_HOST = "$(BUILT_PRODUCTS_DIR)/gtb.app/gtb";
			};
			name = Debug;
		};
		6837F76B1A88B62C00C9F691 /* Release */ = {
			isa = XCBuildConfiguration;
			buildSettings = {
				BUNDLE_LOADER = "$(TEST_HOST)";
				FRAMEWORK_SEARCH_PATHS = (
					"$(SDKROOT)/Developer/Library/Frameworks",
					"$(inherited)",
				);
				INFOPLIST_FILE = gtbTests/Info.plist;
				LD_RUNPATH_SEARCH_PATHS = "$(inherited) @executable_path/Frameworks @loader_path/Frameworks";
				PRODUCT_NAME = "$(TARGET_NAME)";
				TEST_HOST = "$(BUILT_PRODUCTS_DIR)/gtb.app/gtb";
			};
			name = Release;
		};
/* End XCBuildConfiguration section */

/* Begin XCConfigurationList section */
		6837F7421A88B62B00C9F691 /* Build configuration list for PBXProject "gtb" */ = {
			isa = XCConfigurationList;
			buildConfigurations = (
				6837F7641A88B62C00C9F691 /* Debug */,
				6837F7651A88B62C00C9F691 /* Release */,
			);
			defaultConfigurationIsVisible = 0;
			defaultConfigurationName = Release;
		};
		6837F7661A88B62C00C9F691 /* Build configuration list for PBXNativeTarget "gtb" */ = {
			isa = XCConfigurationList;
			buildConfigurations = (
				6837F7671A88B62C00C9F691 /* Debug */,
				6837F7681A88B62C00C9F691 /* Release */,
			);
			defaultConfigurationIsVisible = 0;
			defaultConfigurationName = Release;
		};
		6837F7691A88B62C00C9F691 /* Build configuration list for PBXNativeTarget "gtbTests" */ = {
			isa = XCConfigurationList;
			buildConfigurations = (
				6837F76A1A88B62C00C9F691 /* Debug */,
				6837F76B1A88B62C00C9F691 /* Release */,
			);
			defaultConfigurationIsVisible = 0;
			defaultConfigurationName = Release;
		};
/* End XCConfigurationList section */
	};
	rootObject = 6837F73F1A88B62B00C9F691 /* Project object */;
}
